
Microsoft Visual Studio Solution File, Format Version 12.00
# Visual Studio 15
Project("{D954291E-2A0B-460D-934E-DC6B0785DB48}") = "Lachlan.Visual.Shared", "Lachlan.Visual.Shared\Lachlan.Visual.Shared.shproj", "{DF8FA0A3-78CA-4395-A6D3-3AB74D29BA33}"
EndProject
Project("{FAE04EC0-301F-11D3-BF4B-00C04F79EFBC}") = "Lachlan.Visual.iOS", "Lachlan.Visual.iOS\Lachlan.Visual.iOS.csproj", "{8AED0A09-4ECB-447E-9CB8-CCD8352D565C}"
EndProject
Project("{FAE04EC0-301F-11D3-BF4B-00C04F79EFBC}") = "Lachlan.Visual.Android", "Lachlan.Visual.Android\Lachlan.Visual.Android.csproj", "{10C10D0B-F417-4D3A-B947-FB3146C0EBB4}"
EndProject
Project("{5DD5E4FA-CB73-4610-85AB-557B54E96AA9}") = "Lachlan.Visual.NuGet", "Lachlan.Visual.NuGet\Lachlan.Visual.NuGet.nuproj", "{149C54C4-1D7C-40A6-9980-69603DE8D9D7}"
EndProject
Global
	GlobalSection(SolutionConfigurationPlatforms) = preSolution
		Debug|Any CPU = Debug|Any CPU
		Release|Any CPU = Release|Any CPU
	EndGlobalSection
	GlobalSection(ProjectConfigurationPlatforms) = postSolution
		{8AED0A09-4ECB-447E-9CB8-CCD8352D565C}.Debug|Any CPU.ActiveCfg = Debug|Any CPU
		{8AED0A09-4ECB-447E-9CB8-CCD8352D565C}.Debug|Any CPU.Build.0 = Debug|Any CPU
		{8AED0A09-4ECB-447E-9CB8-CCD8352D565C}.Release|Any CPU.ActiveCfg = Release|Any CPU
		{8AED0A09-4ECB-447E-9CB8-CCD8352D565C}.Release|Any CPU.Build.0 = Release|Any CPU
		{10C10D0B-F417-4D3A-B947-FB3146C0EBB4}.Debug|Any CPU.ActiveCfg = Debug|Any CPU
		{10C10D0B-F417-4D3A-B947-FB3146C0EBB4}.Debug|Any CPU.Build.0 = Debug|Any CPU
		{10C10D0B-F417-4D3A-B947-FB3146C0EBB4}.Release|Any CPU.ActiveCfg = Release|Any CPU
		{10C10D0B-F417-4D3A-B947-FB3146C0EBB4}.Release|Any CPU.Build.0 = Release|Any CPU
		{149C54C4-1D7C-40A6-9980-69603DE8D9D7}.Debug|Any CPU.ActiveCfg = Debug|Any CPU
		{149C54C4-1D7C-40A6-9980-69603DE8D9D7}.Debug|Any CPU.Build.0 = Debug|Any CPU
		{149C54C4-1D7C-40A6-9980-69603DE8D9D7}.Release|Any CPU.ActiveCfg = Release|Any CPU
		{149C54C4-1D7C-40A6-9980-69603DE8D9D7}.Release|Any CPU.Build.0 = Release|Any CPU
	EndGlobalSection
EndGlobal
